
Microsoft Visual Studio Solution File, Format Version 12.00
# Visual Studio Version 17
VisualStudioVersion = 17.13.35806.99
MinimumVisualStudioVersion = 10.0.40219.1
Project("{8BC9CEB8-8B4A-11D0-8D11-00A0C91BC942}") = "LV01_택배 상자 꺼내기", "Programmers\Programmers.vcxproj", "{62F0E2D1-BF3C-4FFB-9F46-6CE958014FA9}"
EndProject
Project("{8BC9CEB8-8B4A-11D0-8D11-00A0C91BC942}") = "LV02_비밀 코드 해독", "LV02_비밀 코드 해독\LV02_비밀 코드 해독.vcxproj", "{885E99E9-1F38-47E4-9998-2DC1487C163D}"
EndProject
Project("{8BC9CEB8-8B4A-11D0-8D11-00A0C91BC942}") = "LV01_유연근무제", "LV01_유연근무제\LV01_유연근무제.vcxproj", "{3C59BFE3-4356-4266-BE37-8057BE4963CB}"
EndProject
Project("{8BC9CEB8-8B4A-11D0-8D11-00A0C91BC942}") = "01_동영상 재생기", "01_동영상 재생기\01_동영상 재생기.vcxproj", "{D1B3A393-4343-4660-88C3-7E182DDCFB69}"
EndProject
Project("{8BC9CEB8-8B4A-11D0-8D11-00A0C91BC942}") = "02_스택_올바른 괄호", "02_스택_올바른 괄호\02_스택_올바른 괄호.vcxproj", "{AD7A4769-3C09-4006-8DB0-B8A6578721D1}"
EndProject
Project("{8BC9CEB8-8B4A-11D0-8D11-00A0C91BC942}") = "02_Stack_다리를 지나는 트럭", "02_스택_다리를 지나는 트럭\02_스택_다리를 지나는 트럭.vcxproj", "{65C38CBD-2F0C-482A-97DC-59B28EE151AC}"
EndProject
Project("{2150E333-8FDC-42A3-9474-1A3956D46DE8}") = "01_STL", "01_STL", "{C8D5274F-AC00-46C7-1F8D-E88E81087A52}"
EndProject
Project("{8BC9CEB8-8B4A-11D0-8D11-00A0C91BC942}") = "04_Queue", "04_Queue\04_Queue.vcxproj", "{7A101DF2-BE5A-4719-A33D-146F98368FCC}"
EndProject
Project("{8BC9CEB8-8B4A-11D0-8D11-00A0C91BC942}") = "02_Queue_프로세스", "02_Queue_프로세스\02_Queue_프로세스.vcxproj", "{C0591CBE-96DC-418B-847F-13B7A11DE02B}"
EndProject
Project("{2150E333-8FDC-42A3-9474-1A3956D46DE8}") = "03_Programmers", "03_Programmers", "{F9D6FF07-DACF-4140-9C67-BE01A271EDB6}"
EndProject
Project("{2150E333-8FDC-42A3-9474-1A3956D46DE8}") = "02_Test", "02_Test", "{12B884C8-15AC-4C8B-8ABF-0614DE8982EB}"
EndProject
Project("{8BC9CEB8-8B4A-11D0-8D11-00A0C91BC942}") = "Practice", "Practice\Practice.vcxproj", "{2F9FB585-19C8-4249-A270-EB2A3BACFBB7}"
EndProject
Project("{8BC9CEB8-8B4A-11D0-8D11-00A0C91BC942}") = "07_Sort", "07_Sort\07_Sort.vcxproj", "{6003F527-2DAB-4ED7-B223-EE53DD7749C1}"
EndProject
Project("{8BC9CEB8-8B4A-11D0-8D11-00A0C91BC942}") = "07_DivideAndConquerSort", "07_DivideAndConquerSort\07_DivideAndConquerSort.vcxproj", "{7A573B1C-9421-494F-A7FE-348BE4D935B6}"
EndProject
Project("{8BC9CEB8-8B4A-11D0-8D11-00A0C91BC942}") = "01_Sort_K번째 수", "01_Sort_K번째 수\01_Sort_K번째 수.vcxproj", "{341C0289-98E8-4C68-AB5B-90712DBE9BAB}"
EndProject
Project("{2150E333-8FDC-42A3-9474-1A3956D46DE8}") = "Sort", "Sort", "{349D4C67-6B3A-41F1-B154-3995989E61DE}"
EndProject
Project("{2150E333-8FDC-42A3-9474-1A3956D46DE8}") = "Queue", "Queue", "{D91305AA-CD64-47F1-A91C-F5841D548E70}"
EndProject
Project("{2150E333-8FDC-42A3-9474-1A3956D46DE8}") = "Stack", "Stack", "{6ADFE8A2-4BB9-4C28-8A9F-AA8E69D89D79}"
EndProject
Project("{8BC9CEB8-8B4A-11D0-8D11-00A0C91BC942}") = "02_Sort_가장 큰 수", "02_Sort_가장 큰 수\02_Sort_가장 큰 수.vcxproj", "{97D759B8-897A-403D-9399-310E1804B95D}"
EndProject
Global
	GlobalSection(SolutionConfigurationPlatforms) = preSolution
		Debug|x64 = Debug|x64
		Debug|x86 = Debug|x86
		Release|x64 = Release|x64
		Release|x86 = Release|x86
	EndGlobalSection
	GlobalSection(ProjectConfigurationPlatforms) = postSolution
		{62F0E2D1-BF3C-4FFB-9F46-6CE958014FA9}.Debug|x64.ActiveCfg = Debug|x64
		{62F0E2D1-BF3C-4FFB-9F46-6CE958014FA9}.Debug|x64.Build.0 = Debug|x64
		{62F0E2D1-BF3C-4FFB-9F46-6CE958014FA9}.Debug|x86.ActiveCfg = Debug|Win32
		{62F0E2D1-BF3C-4FFB-9F46-6CE958014FA9}.Debug|x86.Build.0 = Debug|Win32
		{62F0E2D1-BF3C-4FFB-9F46-6CE958014FA9}.Release|x64.ActiveCfg = Release|x64
		{62F0E2D1-BF3C-4FFB-9F46-6CE958014FA9}.Release|x64.Build.0 = Release|x64
		{62F0E2D1-BF3C-4FFB-9F46-6CE958014FA9}.Release|x86.ActiveCfg = Release|Win32
		{62F0E2D1-BF3C-4FFB-9F46-6CE958014FA9}.Release|x86.Build.0 = Release|Win32
		{885E99E9-1F38-47E4-9998-2DC1487C163D}.Debug|x64.ActiveCfg = Debug|x64
		{885E99E9-1F38-47E4-9998-2DC1487C163D}.Debug|x64.Build.0 = Debug|x64
		{885E99E9-1F38-47E4-9998-2DC1487C163D}.Debug|x86.ActiveCfg = Debug|Win32
		{885E99E9-1F38-47E4-9998-2DC1487C163D}.Debug|x86.Build.0 = Debug|Win32
		{885E99E9-1F38-47E4-9998-2DC1487C163D}.Release|x64.ActiveCfg = Release|x64
		{885E99E9-1F38-47E4-9998-2DC1487C163D}.Release|x64.Build.0 = Release|x64
		{885E99E9-1F38-47E4-9998-2DC1487C163D}.Release|x86.ActiveCfg = Release|Win32
		{885E99E9-1F38-47E4-9998-2DC1487C163D}.Release|x86.Build.0 = Release|Win32
		{3C59BFE3-4356-4266-BE37-8057BE4963CB}.Debug|x64.ActiveCfg = Debug|x64
		{3C59BFE3-4356-4266-BE37-8057BE4963CB}.Debug|x64.Build.0 = Debug|x64
		{3C59BFE3-4356-4266-BE37-8057BE4963CB}.Debug|x86.ActiveCfg = Debug|Win32
		{3C59BFE3-4356-4266-BE37-8057BE4963CB}.Debug|x86.Build.0 = Debug|Win32
		{3C59BFE3-4356-4266-BE37-8057BE4963CB}.Release|x64.ActiveCfg = Release|x64
		{3C59BFE3-4356-4266-BE37-8057BE4963CB}.Release|x64.Build.0 = Release|x64
		{3C59BFE3-4356-4266-BE37-8057BE4963CB}.Release|x86.ActiveCfg = Release|Win32
		{3C59BFE3-4356-4266-BE37-8057BE4963CB}.Release|x86.Build.0 = Release|Win32
		{D1B3A393-4343-4660-88C3-7E182DDCFB69}.Debug|x64.ActiveCfg = Debug|x64
		{D1B3A393-4343-4660-88C3-7E182DDCFB69}.Debug|x64.Build.0 = Debug|x64
		{D1B3A393-4343-4660-88C3-7E182DDCFB69}.Debug|x86.ActiveCfg = Debug|Win32
		{D1B3A393-4343-4660-88C3-7E182DDCFB69}.Debug|x86.Build.0 = Debug|Win32
		{D1B3A393-4343-4660-88C3-7E182DDCFB69}.Release|x64.ActiveCfg = Release|x64
		{D1B3A393-4343-4660-88C3-7E182DDCFB69}.Release|x64.Build.0 = Release|x64
		{D1B3A393-4343-4660-88C3-7E182DDCFB69}.Release|x86.ActiveCfg = Release|Win32
		{D1B3A393-4343-4660-88C3-7E182DDCFB69}.Release|x86.Build.0 = Release|Win32
		{AD7A4769-3C09-4006-8DB0-B8A6578721D1}.Debug|x64.ActiveCfg = Debug|x64
		{AD7A4769-3C09-4006-8DB0-B8A6578721D1}.Debug|x64.Build.0 = Debug|x64
		{AD7A4769-3C09-4006-8DB0-B8A6578721D1}.Debug|x86.ActiveCfg = Debug|Win32
		{AD7A4769-3C09-4006-8DB0-B8A6578721D1}.Debug|x86.Build.0 = Debug|Win32
		{AD7A4769-3C09-4006-8DB0-B8A6578721D1}.Release|x64.ActiveCfg = Release|x64
		{AD7A4769-3C09-4006-8DB0-B8A6578721D1}.Release|x64.Build.0 = Release|x64
		{AD7A4769-3C09-4006-8DB0-B8A6578721D1}.Release|x86.ActiveCfg = Release|Win32
		{AD7A4769-3C09-4006-8DB0-B8A6578721D1}.Release|x86.Build.0 = Release|Win32
		{65C38CBD-2F0C-482A-97DC-59B28EE151AC}.Debug|x64.ActiveCfg = Debug|x64
		{65C38CBD-2F0C-482A-97DC-59B28EE151AC}.Debug|x64.Build.0 = Debug|x64
		{65C38CBD-2F0C-482A-97DC-59B28EE151AC}.Debug|x86.ActiveCfg = Debug|Win32
		{65C38CBD-2F0C-482A-97DC-59B28EE151AC}.Debug|x86.Build.0 = Debug|Win32
		{65C38CBD-2F0C-482A-97DC-59B28EE151AC}.Release|x64.ActiveCfg = Release|x64
		{65C38CBD-2F0C-482A-97DC-59B28EE151AC}.Release|x64.Build.0 = Release|x64
		{65C38CBD-2F0C-482A-97DC-59B28EE151AC}.Release|x86.ActiveCfg = Release|Win32
		{65C38CBD-2F0C-482A-97DC-59B28EE151AC}.Release|x86.Build.0 = Release|Win32
		{7A101DF2-BE5A-4719-A33D-146F98368FCC}.Debug|x64.ActiveCfg = Debug|x64
		{7A101DF2-BE5A-4719-A33D-146F98368FCC}.Debug|x64.Build.0 = Debug|x64
		{7A101DF2-BE5A-4719-A33D-146F98368FCC}.Debug|x86.ActiveCfg = Debug|Win32
		{7A101DF2-BE5A-4719-A33D-146F98368FCC}.Debug|x86.Build.0 = Debug|Win32
		{7A101DF2-BE5A-4719-A33D-146F98368FCC}.Release|x64.ActiveCfg = Release|x64
		{7A101DF2-BE5A-4719-A33D-146F98368FCC}.Release|x64.Build.0 = Release|x64
		{7A101DF2-BE5A-4719-A33D-146F98368FCC}.Release|x86.ActiveCfg = Release|Win32
		{7A101DF2-BE5A-4719-A33D-146F98368FCC}.Release|x86.Build.0 = Release|Win32
		{C0591CBE-96DC-418B-847F-13B7A11DE02B}.Debug|x64.ActiveCfg = Debug|x64
		{C0591CBE-96DC-418B-847F-13B7A11DE02B}.Debug|x64.Build.0 = Debug|x64
		{C0591CBE-96DC-418B-847F-13B7A11DE02B}.Debug|x86.ActiveCfg = Debug|Win32
		{C0591CBE-96DC-418B-847F-13B7A11DE02B}.Debug|x86.Build.0 = Debug|Win32
		{C0591CBE-96DC-418B-847F-13B7A11DE02B}.Release|x64.ActiveCfg = Release|x64
		{C0591CBE-96DC-418B-847F-13B7A11DE02B}.Release|x64.Build.0 = Release|x64
		{C0591CBE-96DC-418B-847F-13B7A11DE02B}.Release|x86.ActiveCfg = Release|Win32
		{C0591CBE-96DC-418B-847F-13B7A11DE02B}.Release|x86.Build.0 = Release|Win32
		{2F9FB585-19C8-4249-A270-EB2A3BACFBB7}.Debug|x64.ActiveCfg = Debug|x64
		{2F9FB585-19C8-4249-A270-EB2A3BACFBB7}.Debug|x64.Build.0 = Debug|x64
		{2F9FB585-19C8-4249-A270-EB2A3BACFBB7}.Debug|x86.ActiveCfg = Debug|Win32
		{2F9FB585-19C8-4249-A270-EB2A3BACFBB7}.Debug|x86.Build.0 = Debug|Win32
		{2F9FB585-19C8-4249-A270-EB2A3BACFBB7}.Release|x64.ActiveCfg = Release|x64
		{2F9FB585-19C8-4249-A270-EB2A3BACFBB7}.Release|x64.Build.0 = Release|x64
		{2F9FB585-19C8-4249-A270-EB2A3BACFBB7}.Release|x86.ActiveCfg = Release|Win32
		{2F9FB585-19C8-4249-A270-EB2A3BACFBB7}.Release|x86.Build.0 = Release|Win32
		{6003F527-2DAB-4ED7-B223-EE53DD7749C1}.Debug|x64.ActiveCfg = Debug|x64
		{6003F527-2DAB-4ED7-B223-EE53DD7749C1}.Debug|x64.Build.0 = Debug|x64
		{6003F527-2DAB-4ED7-B223-EE53DD7749C1}.Debug|x86.ActiveCfg = Debug|Win32
		{6003F527-2DAB-4ED7-B223-EE53DD7749C1}.Debug|x86.Build.0 = Debug|Win32
		{6003F527-2DAB-4ED7-B223-EE53DD7749C1}.Release|x64.ActiveCfg = Release|x64
		{6003F527-2DAB-4ED7-B223-EE53DD7749C1}.Release|x64.Build.0 = Release|x64
		{6003F527-2DAB-4ED7-B223-EE53DD7749C1}.Release|x86.ActiveCfg = Release|Win32
		{6003F527-2DAB-4ED7-B223-EE53DD7749C1}.Release|x86.Build.0 = Release|Win32
		{7A573B1C-9421-494F-A7FE-348BE4D935B6}.Debug|x64.ActiveCfg = Debug|x64
		{7A573B1C-9421-494F-A7FE-348BE4D935B6}.Debug|x64.Build.0 = Debug|x64
		{7A573B1C-9421-494F-A7FE-348BE4D935B6}.Debug|x86.ActiveCfg = Debug|Win32
		{7A573B1C-9421-494F-A7FE-348BE4D935B6}.Debug|x86.Build.0 = Debug|Win32
		{7A573B1C-9421-494F-A7FE-348BE4D935B6}.Release|x64.ActiveCfg = Release|x64
		{7A573B1C-9421-494F-A7FE-348BE4D935B6}.Release|x64.Build.0 = Release|x64
		{7A573B1C-9421-494F-A7FE-348BE4D935B6}.Release|x86.ActiveCfg = Release|Win32
		{7A573B1C-9421-494F-A7FE-348BE4D935B6}.Release|x86.Build.0 = Release|Win32
		{341C0289-98E8-4C68-AB5B-90712DBE9BAB}.Debug|x64.ActiveCfg = Debug|x64
		{341C0289-98E8-4C68-AB5B-90712DBE9BAB}.Debug|x64.Build.0 = Debug|x64
		{341C0289-98E8-4C68-AB5B-90712DBE9BAB}.Debug|x86.ActiveCfg = Debug|Win32
		{341C0289-98E8-4C68-AB5B-90712DBE9BAB}.Debug|x86.Build.0 = Debug|Win32
		{341C0289-98E8-4C68-AB5B-90712DBE9BAB}.Release|x64.ActiveCfg = Release|x64
		{341C0289-98E8-4C68-AB5B-90712DBE9BAB}.Release|x64.Build.0 = Release|x64
		{341C0289-98E8-4C68-AB5B-90712DBE9BAB}.Release|x86.ActiveCfg = Release|Win32
		{341C0289-98E8-4C68-AB5B-90712DBE9BAB}.Release|x86.Build.0 = Release|Win32
		{97D759B8-897A-403D-9399-310E1804B95D}.Debug|x64.ActiveCfg = Debug|x64
		{97D759B8-897A-403D-9399-310E1804B95D}.Debug|x64.Build.0 = Debug|x64
		{97D759B8-897A-403D-9399-310E1804B95D}.Debug|x86.ActiveCfg = Debug|Win32
		{97D759B8-897A-403D-9399-310E1804B95D}.Debug|x86.Build.0 = Debug|Win32
		{97D759B8-897A-403D-9399-310E1804B95D}.Release|x64.ActiveCfg = Release|x64
		{97D759B8-897A-403D-9399-310E1804B95D}.Release|x64.Build.0 = Release|x64
		{97D759B8-897A-403D-9399-310E1804B95D}.Release|x86.ActiveCfg = Release|Win32
		{97D759B8-897A-403D-9399-310E1804B95D}.Release|x86.Build.0 = Release|Win32
	EndGlobalSection
	GlobalSection(SolutionProperties) = preSolution
		HideSolutionNode = FALSE
	EndGlobalSection
	GlobalSection(NestedProjects) = preSolution
		{62F0E2D1-BF3C-4FFB-9F46-6CE958014FA9} = {F9D6FF07-DACF-4140-9C67-BE01A271EDB6}
		{885E99E9-1F38-47E4-9998-2DC1487C163D} = {F9D6FF07-DACF-4140-9C67-BE01A271EDB6}
		{3C59BFE3-4356-4266-BE37-8057BE4963CB} = {F9D6FF07-DACF-4140-9C67-BE01A271EDB6}
		{D1B3A393-4343-4660-88C3-7E182DDCFB69} = {F9D6FF07-DACF-4140-9C67-BE01A271EDB6}
		{AD7A4769-3C09-4006-8DB0-B8A6578721D1} = {6ADFE8A2-4BB9-4C28-8A9F-AA8E69D89D79}
		{65C38CBD-2F0C-482A-97DC-59B28EE151AC} = {6ADFE8A2-4BB9-4C28-8A9F-AA8E69D89D79}
		{7A101DF2-BE5A-4719-A33D-146F98368FCC} = {C8D5274F-AC00-46C7-1F8D-E88E81087A52}
		{C0591CBE-96DC-418B-847F-13B7A11DE02B} = {D91305AA-CD64-47F1-A91C-F5841D548E70}
		{2F9FB585-19C8-4249-A270-EB2A3BACFBB7} = {12B884C8-15AC-4C8B-8ABF-0614DE8982EB}
		{6003F527-2DAB-4ED7-B223-EE53DD7749C1} = {C8D5274F-AC00-46C7-1F8D-E88E81087A52}
		{7A573B1C-9421-494F-A7FE-348BE4D935B6} = {C8D5274F-AC00-46C7-1F8D-E88E81087A52}
		{341C0289-98E8-4C68-AB5B-90712DBE9BAB} = {349D4C67-6B3A-41F1-B154-3995989E61DE}
		{349D4C67-6B3A-41F1-B154-3995989E61DE} = {F9D6FF07-DACF-4140-9C67-BE01A271EDB6}
		{D91305AA-CD64-47F1-A91C-F5841D548E70} = {F9D6FF07-DACF-4140-9C67-BE01A271EDB6}
		{6ADFE8A2-4BB9-4C28-8A9F-AA8E69D89D79} = {F9D6FF07-DACF-4140-9C67-BE01A271EDB6}
		{97D759B8-897A-403D-9399-310E1804B95D} = {349D4C67-6B3A-41F1-B154-3995989E61DE}
	EndGlobalSection
	GlobalSection(ExtensibilityGlobals) = postSolution
		SolutionGuid = {32D69349-A0BD-4F00-A1D7-8024F77C1DEA}
	EndGlobalSection
EndGlobal
