
Microsoft Visual Studio Solution File, Format Version 12.00
# Visual Studio Version 17
VisualStudioVersion = 17.13.35806.99
MinimumVisualStudioVersion = 10.0.40219.1
Project("{8BC9CEB8-8B4A-11D0-8D11-00A0C91BC942}") = "LV01_택배 상자 꺼내기", "Programmers\Programmers.vcxproj", "{62F0E2D1-BF3C-4FFB-9F46-6CE958014FA9}"
EndProject
Project("{8BC9CEB8-8B4A-11D0-8D11-00A0C91BC942}") = "LV02_비밀 코드 해독", "LV02_비밀 코드 해독\LV02_비밀 코드 해독.vcxproj", "{885E99E9-1F38-47E4-9998-2DC1487C163D}"
EndProject
Project("{8BC9CEB8-8B4A-11D0-8D11-00A0C91BC942}") = "LV01_유연근무제", "LV01_유연근무제\LV01_유연근무제.vcxproj", "{3C59BFE3-4356-4266-BE37-8057BE4963CB}"
EndProject
Project("{8BC9CEB8-8B4A-11D0-8D11-00A0C91BC942}") = "02_Stack_올바른 괄호", "02_스택_올바른 괄호\02_스택_올바른 괄호.vcxproj", "{AD7A4769-3C09-4006-8DB0-B8A6578721D1}"
EndProject
Project("{8BC9CEB8-8B4A-11D0-8D11-00A0C91BC942}") = "02_Queue_다리를 지나는 트럭", "02_스택_다리를 지나는 트럭\02_스택_다리를 지나는 트럭.vcxproj", "{65C38CBD-2F0C-482A-97DC-59B28EE151AC}"
EndProject
Project("{8BC9CEB8-8B4A-11D0-8D11-00A0C91BC942}") = "02_Queue_프로세스", "02_Queue_프로세스\02_Queue_프로세스.vcxproj", "{C0591CBE-96DC-418B-847F-13B7A11DE02B}"
EndProject
Project("{2150E333-8FDC-42A3-9474-1A3956D46DE8}") = "03_Programmers", "03_Programmers", "{F9D6FF07-DACF-4140-9C67-BE01A271EDB6}"
EndProject
Project("{2150E333-8FDC-42A3-9474-1A3956D46DE8}") = "02_Test", "02_Test", "{12B884C8-15AC-4C8B-8ABF-0614DE8982EB}"
EndProject
Project("{8BC9CEB8-8B4A-11D0-8D11-00A0C91BC942}") = "Practice", "Practice\Practice.vcxproj", "{2F9FB585-19C8-4249-A270-EB2A3BACFBB7}"
EndProject
Project("{8BC9CEB8-8B4A-11D0-8D11-00A0C91BC942}") = "01_Sort_K번째 수", "01_Sort_K번째 수\01_Sort_K번째 수.vcxproj", "{341C0289-98E8-4C68-AB5B-90712DBE9BAB}"
EndProject
Project("{2150E333-8FDC-42A3-9474-1A3956D46DE8}") = "Sort", "Sort", "{349D4C67-6B3A-41F1-B154-3995989E61DE}"
EndProject
Project("{2150E333-8FDC-42A3-9474-1A3956D46DE8}") = "Queue, Stack", "Queue, Stack", "{D91305AA-CD64-47F1-A91C-F5841D548E70}"
EndProject
Project("{8BC9CEB8-8B4A-11D0-8D11-00A0C91BC942}") = "02_Sort_가장 큰 수", "02_Sort_가장 큰 수\02_Sort_가장 큰 수.vcxproj", "{97D759B8-897A-403D-9399-310E1804B95D}"
EndProject
Project("{8BC9CEB8-8B4A-11D0-8D11-00A0C91BC942}") = "02_Sort_H-Index", "02_H-Index\02_H-Index.vcxproj", "{3C0C4257-1D45-4E48-A2C3-CE2A385FBD26}"
EndProject
Project("{8BC9CEB8-8B4A-11D0-8D11-00A0C91BC942}") = "03_네트워크", "네트워크\네트워크.vcxproj", "{3B91C12B-8A14-4F95-8B9F-DBC21847C6BB}"
EndProject
Project("{2150E333-8FDC-42A3-9474-1A3956D46DE8}") = "DynamicProgramming", "DynamicProgramming", "{D492223F-47C8-4470-99B1-AAF4D217342A}"
EndProject
Project("{8BC9CEB8-8B4A-11D0-8D11-00A0C91BC942}") = "03_정수 삼각형", "03_정수 삼각형\03_정수 삼각형.vcxproj", "{B6255AB6-ADE9-4D00-9B18-DC4A803C02F6}"
EndProject
Project("{2150E333-8FDC-42A3-9474-1A3956D46DE8}") = "Hash", "Hash", "{BA5556F3-E8FE-4A79-A29F-A3FC4C37D077}"
EndProject
Project("{8BC9CEB8-8B4A-11D0-8D11-00A0C91BC942}") = "01_완주하지 못한 선수", "01_완주하지 못한 선수\01_완주하지 못한 선수.vcxproj", "{05F33609-2214-4A18-B44B-B68879584D7E}"
EndProject
Project("{8BC9CEB8-8B4A-11D0-8D11-00A0C91BC942}") = "01_폰켓몬", "01_폰켓몬\01_폰켓몬.vcxproj", "{BCA16A30-CEDE-46D3-926B-76473BE554C3}"
EndProject
Project("{8BC9CEB8-8B4A-11D0-8D11-00A0C91BC942}") = "02_전화번호 목록", "02_전화번호 목록\02_전화번호 목록.vcxproj", "{10081A69-98F6-49BA-B19D-24471A4E081D}"
EndProject
Project("{8BC9CEB8-8B4A-11D0-8D11-00A0C91BC942}") = "02_의상", "02_의상\02_의상.vcxproj", "{406767D0-09DE-4987-A45E-E5701F312C7C}"
EndProject
Project("{8BC9CEB8-8B4A-11D0-8D11-00A0C91BC942}") = "03_베스트앨범(compare)", "03_베스트앨범\03_베스트앨범.vcxproj", "{6384F12E-AE85-4A0F-B724-B3F4ABAC378B}"
EndProject
Project("{8BC9CEB8-8B4A-11D0-8D11-00A0C91BC942}") = "02_주식가격", "02_주식가격\02_주식가격.vcxproj", "{A927095E-B900-496C-BE34-A8964D7C8703}"
EndProject
Project("{2150E333-8FDC-42A3-9474-1A3956D46DE8}") = "Heap", "Heap", "{C0675EA5-2D5F-4B65-9913-DCD8B43EBD26}"
EndProject
Project("{8BC9CEB8-8B4A-11D0-8D11-00A0C91BC942}") = "02_더 맵게", "02_더 맵게\02_더 맵게.vcxproj", "{C3267C89-894A-46FB-B50F-E8A7FED636AE}"
EndProject
Project("{8BC9CEB8-8B4A-11D0-8D11-00A0C91BC942}") = "03_디스크 컨트롤러", "02_디스크 컨트롤러\02_디스크 컨트롤러.vcxproj", "{4A8201C6-A85F-4F9F-A7C3-71656F1DA0F0}"
EndProject
Project("{8BC9CEB8-8B4A-11D0-8D11-00A0C91BC942}") = "03_이중 우선순위 큐", "03_이중 우선순위 큐\03_이중 우선순위 큐.vcxproj", "{773BAEBD-4370-4A49-8F92-27E5154C3CD6}"
EndProject
Project("{2150E333-8FDC-42A3-9474-1A3956D46DE8}") = "Tree", "Tree", "{4DEF035F-3F63-479C-A3BB-8B3F51AF1B16}"
EndProject
Project("{2150E333-8FDC-42A3-9474-1A3956D46DE8}") = "00_못 푼 문제", "00_못 푼 문제", "{D5CF3FA2-46AE-4065-B699-A991D4A6C039}"
EndProject
Project("{2150E333-8FDC-42A3-9474-1A3956D46DE8}") = "01_푼 문제", "01_푼 문제", "{B2F40CBD-D702-4AF1-8C30-F6BD4853FA5C}"
EndProject
Project("{8BC9CEB8-8B4A-11D0-8D11-00A0C91BC942}") = "01_최소 직사각형", "01_최소 직사각형\01_최소 직사각형.vcxproj", "{7FE7A25E-F17F-4EBC-BA27-BB4F2E86301C}"
EndProject
Project("{8BC9CEB8-8B4A-11D0-8D11-00A0C91BC942}") = "01_모의고사", "01_모의고사\01_모의고사.vcxproj", "{787FBF36-5807-4306-93B7-FEA84815B7B7}"
EndProject
Project("{2150E333-8FDC-42A3-9474-1A3956D46DE8}") = "Greedy", "Greedy", "{58946A98-187F-4AD1-8FB1-C7905B62B8F8}"
EndProject
Project("{8BC9CEB8-8B4A-11D0-8D11-00A0C91BC942}") = "01_체육복", "01_체육복\01_체육복.vcxproj", "{EEF0F190-C87C-4941-B1F6-ED02AB79F4A0}"
EndProject
Project("{8BC9CEB8-8B4A-11D0-8D11-00A0C91BC942}") = "03_N으로 표현", "03_N으로 표현\03_N으로 표현.vcxproj", "{1BDA48EA-AB7D-46DF-BAC6-8FBCF0DC2519}"
EndProject
Project("{8BC9CEB8-8B4A-11D0-8D11-00A0C91BC942}") = "03_등굣길", "03_등굣길\03_등굣길.vcxproj", "{29643543-0135-4122-B94C-F4792EBBF34D}"
EndProject
Project("{8BC9CEB8-8B4A-11D0-8D11-00A0C91BC942}") = "04_사칙연산", "04_사칙연산\04_사칙연산.vcxproj", "{3EF542E5-9679-48BB-8415-09E1CFA68212}"
EndProject
Project("{2150E333-8FDC-42A3-9474-1A3956D46DE8}") = "DFS, BFS", "DFS, BFS", "{C365187C-4FD6-493A-9ADA-B2253907AE0A}"
EndProject
Project("{8BC9CEB8-8B4A-11D0-8D11-00A0C91BC942}") = "02_타겟 넘버(DFS)", "02_타겟 넘버\02_타겟 넘버.vcxproj", "{C2889A3A-3D65-4AF8-B8A4-C5C9C4E3D369}"
EndProject
Project("{2150E333-8FDC-42A3-9474-1A3956D46DE8}") = "01_STL", "01_STL", "{C8D5274F-AC00-46C7-1F8D-E88E81087A52}"
EndProject
Project("{8BC9CEB8-8B4A-11D0-8D11-00A0C91BC942}") = "02_게임 맵 최단거리(BFS)", "02_게임 맵 최단거리\02_게임 맵 최단거리.vcxproj", "{92574EB5-C3B6-4AFA-B444-FE54A82CAB7C}"
EndProject
Project("{8BC9CEB8-8B4A-11D0-8D11-00A0C91BC942}") = "03_단어 변환", "03_단어 변환\03_단어 변환.vcxproj", "{C9AAE7D5-7D94-449B-9735-9F1252EDB119}"
EndProject
Project("{2150E333-8FDC-42A3-9474-1A3956D46DE8}") = "04_해커랭크", "04_해커랭크", "{C983EC49-4AEC-4001-9402-42FEBD56607F}"
EndProject
Project("{8BC9CEB8-8B4A-11D0-8D11-00A0C91BC942}") = "EquelStacks", "EquelStacks\EquelStacks.vcxproj", "{2252DE1C-73F4-4BB4-B6D7-A4960CE8D073}"
EndProject
Project("{2150E333-8FDC-42A3-9474-1A3956D46DE8}") = "05_백준", "05_백준", "{9B098272-7844-4B58-9CD4-0F19080D5B56}"
EndProject
Project("{8BC9CEB8-8B4A-11D0-8D11-00A0C91BC942}") = "01_행렬 덧셈", "01_행렬 덧셈\01_행렬 덧셈.vcxproj", "{E3A299F1-2A3A-49C3-BC45-639421383457}"
EndProject
Project("{8BC9CEB8-8B4A-11D0-8D11-00A0C91BC942}") = "01_최댓값", "01_최댓값\01_최댓값.vcxproj", "{C04F0CAF-F13A-4AF1-B41F-C69D42DC9A43}"
EndProject
Project("{8BC9CEB8-8B4A-11D0-8D11-00A0C91BC942}") = "01_진법 변환", "01_진법 변환\01_진법 변환.vcxproj", "{0FB497C9-D771-43CF-95C5-010CF2B4638E}"
EndProject
Project("{8BC9CEB8-8B4A-11D0-8D11-00A0C91BC942}") = "02_진법 변환2", "02_진법 변환2\02_진법 변환2.vcxproj", "{1F38E40A-89A0-4082-9D4B-9D07B1DED1E7}"
EndProject
Project("{8BC9CEB8-8B4A-11D0-8D11-00A0C91BC942}") = "ConsoleApplication2", "ConsoleApplication2\ConsoleApplication2.vcxproj", "{749DB57E-30CE-40DB-AAA0-82DEC00DEF42}"
EndProject
Project("{8BC9CEB8-8B4A-11D0-8D11-00A0C91BC942}") = "02_세탁소 사장 동혁", "02_세탁소 사장 동혁\02_세탁소 사장 동혁.vcxproj", "{184052AA-8118-4781-8AD5-7602A374022D}"
EndProject
Project("{2150E333-8FDC-42A3-9474-1A3956D46DE8}") = "못푼 문제", "못푼 문제", "{88DB7C2A-0D83-466C-9BCF-5B3F677CE116}"
EndProject
Project("{8BC9CEB8-8B4A-11D0-8D11-00A0C91BC942}") = "02_배수와 약수", "02_배수와 약수\02_배수와 약수.vcxproj", "{C06A80A2-AA12-4764-96EA-64F678138760}"
EndProject
Project("{8BC9CEB8-8B4A-11D0-8D11-00A0C91BC942}") = "03_블랙잭", "블랙잭\블랙잭.vcxproj", "{4F483812-5926-4117-9C43-11B038D74876}"
EndProject
Project("{8BC9CEB8-8B4A-11D0-8D11-00A0C91BC942}") = "03_분해합", "02_분해합\02_분해합.vcxproj", "{F1B5529C-4431-44F4-9C42-C537B70AC3D9}"
EndProject
Project("{8BC9CEB8-8B4A-11D0-8D11-00A0C91BC942}") = "next_permutation", "next_permutation\next_permutation.vcxproj", "{AC454523-6004-4B31-9D9E-CA1BA34A3D0C}"
EndProject
Project("{2150E333-8FDC-42A3-9474-1A3956D46DE8}") = "코테합격자되기", "코테합격자되기", "{FBE1BEEE-1A0F-4B91-BFA9-4798DB703B67}"
EndProject
Project("{8BC9CEB8-8B4A-11D0-8D11-00A0C91BC942}") = "01_배열 정렬하기", "배열 정렬하기\배열 정렬하기.vcxproj", "{C8A1C02E-A76A-44FD-9F73-B936FD5578A7}"
EndProject
Project("{8BC9CEB8-8B4A-11D0-8D11-00A0C91BC942}") = "01_배열 제어하기", "배열 제어하기\배열 제어하기.vcxproj", "{3C656D88-3436-4712-896D-7186443C4D25}"
EndProject
Project("{8BC9CEB8-8B4A-11D0-8D11-00A0C91BC942}") = "01_두 수를 뽑아서 더하기", "두 수를 뽑아서 더하기\두 수를 뽑아서 더하기.vcxproj", "{5556C9E8-D3B9-477C-A547-C0B3B1E5AE8C}"
EndProject
Project("{8BC9CEB8-8B4A-11D0-8D11-00A0C91BC942}") = "01_순열 생성", "순열 생성\순열 생성.vcxproj", "{A0A1077D-3169-4C52-8DAA-ADB4D363730C}"
EndProject
Project("{8BC9CEB8-8B4A-11D0-8D11-00A0C91BC942}") = "01_이진 탐색 함수", "이진 탐색 함수\이진 탐색 함수.vcxproj", "{A215ACB7-4227-4CDE-903D-998851889718}"
EndProject
Project("{8BC9CEB8-8B4A-11D0-8D11-00A0C91BC942}") = "01_ 최댓값, 최솟값 구하기", "01_ 최댓값, 최솟값 구하기\01_ 최댓값, 최솟값 구하기.vcxproj", "{042339A1-202F-4E17-94DB-4DE2404E28DB}"
EndProject
Project("{8BC9CEB8-8B4A-11D0-8D11-00A0C91BC942}") = "02_모의고사", "02_모의고사\02_모의고사.vcxproj", "{A2B0A8A8-3EA1-4D2F-B647-073E55A8AF54}"
EndProject
Project("{8BC9CEB8-8B4A-11D0-8D11-00A0C91BC942}") = "02_행렬의 곱셈", "02_행렬의 곱셈\02_행렬의 곱셈.vcxproj", "{E9887999-A5A8-431F-9055-C450B01CFD21}"
EndProject
Project("{8BC9CEB8-8B4A-11D0-8D11-00A0C91BC942}") = "03_실패율", "03_실패율\03_실패율.vcxproj", "{60BB513B-821A-41C5-BFA9-06BF207386F9}"
EndProject
Global
	GlobalSection(SolutionConfigurationPlatforms) = preSolution
		Debug|x64 = Debug|x64
		Debug|x86 = Debug|x86
		Release|x64 = Release|x64
		Release|x86 = Release|x86
	EndGlobalSection
	GlobalSection(ProjectConfigurationPlatforms) = postSolution
		{62F0E2D1-BF3C-4FFB-9F46-6CE958014FA9}.Debug|x64.ActiveCfg = Debug|x64
		{62F0E2D1-BF3C-4FFB-9F46-6CE958014FA9}.Debug|x64.Build.0 = Debug|x64
		{62F0E2D1-BF3C-4FFB-9F46-6CE958014FA9}.Debug|x86.ActiveCfg = Debug|Win32
		{62F0E2D1-BF3C-4FFB-9F46-6CE958014FA9}.Debug|x86.Build.0 = Debug|Win32
		{62F0E2D1-BF3C-4FFB-9F46-6CE958014FA9}.Release|x64.ActiveCfg = Release|x64
		{62F0E2D1-BF3C-4FFB-9F46-6CE958014FA9}.Release|x64.Build.0 = Release|x64
		{62F0E2D1-BF3C-4FFB-9F46-6CE958014FA9}.Release|x86.ActiveCfg = Release|Win32
		{62F0E2D1-BF3C-4FFB-9F46-6CE958014FA9}.Release|x86.Build.0 = Release|Win32
		{885E99E9-1F38-47E4-9998-2DC1487C163D}.Debug|x64.ActiveCfg = Debug|x64
		{885E99E9-1F38-47E4-9998-2DC1487C163D}.Debug|x64.Build.0 = Debug|x64
		{885E99E9-1F38-47E4-9998-2DC1487C163D}.Debug|x86.ActiveCfg = Debug|Win32
		{885E99E9-1F38-47E4-9998-2DC1487C163D}.Debug|x86.Build.0 = Debug|Win32
		{885E99E9-1F38-47E4-9998-2DC1487C163D}.Release|x64.ActiveCfg = Release|x64
		{885E99E9-1F38-47E4-9998-2DC1487C163D}.Release|x64.Build.0 = Release|x64
		{885E99E9-1F38-47E4-9998-2DC1487C163D}.Release|x86.ActiveCfg = Release|Win32
		{885E99E9-1F38-47E4-9998-2DC1487C163D}.Release|x86.Build.0 = Release|Win32
		{3C59BFE3-4356-4266-BE37-8057BE4963CB}.Debug|x64.ActiveCfg = Debug|x64
		{3C59BFE3-4356-4266-BE37-8057BE4963CB}.Debug|x64.Build.0 = Debug|x64
		{3C59BFE3-4356-4266-BE37-8057BE4963CB}.Debug|x86.ActiveCfg = Debug|Win32
		{3C59BFE3-4356-4266-BE37-8057BE4963CB}.Debug|x86.Build.0 = Debug|Win32
		{3C59BFE3-4356-4266-BE37-8057BE4963CB}.Release|x64.ActiveCfg = Release|x64
		{3C59BFE3-4356-4266-BE37-8057BE4963CB}.Release|x64.Build.0 = Release|x64
		{3C59BFE3-4356-4266-BE37-8057BE4963CB}.Release|x86.ActiveCfg = Release|Win32
		{3C59BFE3-4356-4266-BE37-8057BE4963CB}.Release|x86.Build.0 = Release|Win32
		{AD7A4769-3C09-4006-8DB0-B8A6578721D1}.Debug|x64.ActiveCfg = Debug|x64
		{AD7A4769-3C09-4006-8DB0-B8A6578721D1}.Debug|x64.Build.0 = Debug|x64
		{AD7A4769-3C09-4006-8DB0-B8A6578721D1}.Debug|x86.ActiveCfg = Debug|Win32
		{AD7A4769-3C09-4006-8DB0-B8A6578721D1}.Debug|x86.Build.0 = Debug|Win32
		{AD7A4769-3C09-4006-8DB0-B8A6578721D1}.Release|x64.ActiveCfg = Release|x64
		{AD7A4769-3C09-4006-8DB0-B8A6578721D1}.Release|x64.Build.0 = Release|x64
		{AD7A4769-3C09-4006-8DB0-B8A6578721D1}.Release|x86.ActiveCfg = Release|Win32
		{AD7A4769-3C09-4006-8DB0-B8A6578721D1}.Release|x86.Build.0 = Release|Win32
		{65C38CBD-2F0C-482A-97DC-59B28EE151AC}.Debug|x64.ActiveCfg = Debug|x64
		{65C38CBD-2F0C-482A-97DC-59B28EE151AC}.Debug|x64.Build.0 = Debug|x64
		{65C38CBD-2F0C-482A-97DC-59B28EE151AC}.Debug|x86.ActiveCfg = Debug|Win32
		{65C38CBD-2F0C-482A-97DC-59B28EE151AC}.Debug|x86.Build.0 = Debug|Win32
		{65C38CBD-2F0C-482A-97DC-59B28EE151AC}.Release|x64.ActiveCfg = Release|x64
		{65C38CBD-2F0C-482A-97DC-59B28EE151AC}.Release|x64.Build.0 = Release|x64
		{65C38CBD-2F0C-482A-97DC-59B28EE151AC}.Release|x86.ActiveCfg = Release|Win32
		{65C38CBD-2F0C-482A-97DC-59B28EE151AC}.Release|x86.Build.0 = Release|Win32
		{C0591CBE-96DC-418B-847F-13B7A11DE02B}.Debug|x64.ActiveCfg = Debug|x64
		{C0591CBE-96DC-418B-847F-13B7A11DE02B}.Debug|x64.Build.0 = Debug|x64
		{C0591CBE-96DC-418B-847F-13B7A11DE02B}.Debug|x86.ActiveCfg = Debug|Win32
		{C0591CBE-96DC-418B-847F-13B7A11DE02B}.Debug|x86.Build.0 = Debug|Win32
		{C0591CBE-96DC-418B-847F-13B7A11DE02B}.Release|x64.ActiveCfg = Release|x64
		{C0591CBE-96DC-418B-847F-13B7A11DE02B}.Release|x64.Build.0 = Release|x64
		{C0591CBE-96DC-418B-847F-13B7A11DE02B}.Release|x86.ActiveCfg = Release|Win32
		{C0591CBE-96DC-418B-847F-13B7A11DE02B}.Release|x86.Build.0 = Release|Win32
		{2F9FB585-19C8-4249-A270-EB2A3BACFBB7}.Debug|x64.ActiveCfg = Debug|x64
		{2F9FB585-19C8-4249-A270-EB2A3BACFBB7}.Debug|x64.Build.0 = Debug|x64
		{2F9FB585-19C8-4249-A270-EB2A3BACFBB7}.Debug|x86.ActiveCfg = Debug|Win32
		{2F9FB585-19C8-4249-A270-EB2A3BACFBB7}.Debug|x86.Build.0 = Debug|Win32
		{2F9FB585-19C8-4249-A270-EB2A3BACFBB7}.Release|x64.ActiveCfg = Release|x64
		{2F9FB585-19C8-4249-A270-EB2A3BACFBB7}.Release|x64.Build.0 = Release|x64
		{2F9FB585-19C8-4249-A270-EB2A3BACFBB7}.Release|x86.ActiveCfg = Release|Win32
		{2F9FB585-19C8-4249-A270-EB2A3BACFBB7}.Release|x86.Build.0 = Release|Win32
		{341C0289-98E8-4C68-AB5B-90712DBE9BAB}.Debug|x64.ActiveCfg = Debug|x64
		{341C0289-98E8-4C68-AB5B-90712DBE9BAB}.Debug|x64.Build.0 = Debug|x64
		{341C0289-98E8-4C68-AB5B-90712DBE9BAB}.Debug|x86.ActiveCfg = Debug|Win32
		{341C0289-98E8-4C68-AB5B-90712DBE9BAB}.Debug|x86.Build.0 = Debug|Win32
		{341C0289-98E8-4C68-AB5B-90712DBE9BAB}.Release|x64.ActiveCfg = Release|x64
		{341C0289-98E8-4C68-AB5B-90712DBE9BAB}.Release|x64.Build.0 = Release|x64
		{341C0289-98E8-4C68-AB5B-90712DBE9BAB}.Release|x86.ActiveCfg = Release|Win32
		{341C0289-98E8-4C68-AB5B-90712DBE9BAB}.Release|x86.Build.0 = Release|Win32
		{97D759B8-897A-403D-9399-310E1804B95D}.Debug|x64.ActiveCfg = Debug|x64
		{97D759B8-897A-403D-9399-310E1804B95D}.Debug|x64.Build.0 = Debug|x64
		{97D759B8-897A-403D-9399-310E1804B95D}.Debug|x86.ActiveCfg = Debug|Win32
		{97D759B8-897A-403D-9399-310E1804B95D}.Debug|x86.Build.0 = Debug|Win32
		{97D759B8-897A-403D-9399-310E1804B95D}.Release|x64.ActiveCfg = Release|x64
		{97D759B8-897A-403D-9399-310E1804B95D}.Release|x64.Build.0 = Release|x64
		{97D759B8-897A-403D-9399-310E1804B95D}.Release|x86.ActiveCfg = Release|Win32
		{97D759B8-897A-403D-9399-310E1804B95D}.Release|x86.Build.0 = Release|Win32
		{3C0C4257-1D45-4E48-A2C3-CE2A385FBD26}.Debug|x64.ActiveCfg = Debug|x64
		{3C0C4257-1D45-4E48-A2C3-CE2A385FBD26}.Debug|x64.Build.0 = Debug|x64
		{3C0C4257-1D45-4E48-A2C3-CE2A385FBD26}.Debug|x86.ActiveCfg = Debug|Win32
		{3C0C4257-1D45-4E48-A2C3-CE2A385FBD26}.Debug|x86.Build.0 = Debug|Win32
		{3C0C4257-1D45-4E48-A2C3-CE2A385FBD26}.Release|x64.ActiveCfg = Release|x64
		{3C0C4257-1D45-4E48-A2C3-CE2A385FBD26}.Release|x64.Build.0 = Release|x64
		{3C0C4257-1D45-4E48-A2C3-CE2A385FBD26}.Release|x86.ActiveCfg = Release|Win32
		{3C0C4257-1D45-4E48-A2C3-CE2A385FBD26}.Release|x86.Build.0 = Release|Win32
		{3B91C12B-8A14-4F95-8B9F-DBC21847C6BB}.Debug|x64.ActiveCfg = Debug|x64
		{3B91C12B-8A14-4F95-8B9F-DBC21847C6BB}.Debug|x64.Build.0 = Debug|x64
		{3B91C12B-8A14-4F95-8B9F-DBC21847C6BB}.Debug|x86.ActiveCfg = Debug|Win32
		{3B91C12B-8A14-4F95-8B9F-DBC21847C6BB}.Debug|x86.Build.0 = Debug|Win32
		{3B91C12B-8A14-4F95-8B9F-DBC21847C6BB}.Release|x64.ActiveCfg = Release|x64
		{3B91C12B-8A14-4F95-8B9F-DBC21847C6BB}.Release|x64.Build.0 = Release|x64
		{3B91C12B-8A14-4F95-8B9F-DBC21847C6BB}.Release|x86.ActiveCfg = Release|Win32
		{3B91C12B-8A14-4F95-8B9F-DBC21847C6BB}.Release|x86.Build.0 = Release|Win32
		{B6255AB6-ADE9-4D00-9B18-DC4A803C02F6}.Debug|x64.ActiveCfg = Debug|x64
		{B6255AB6-ADE9-4D00-9B18-DC4A803C02F6}.Debug|x64.Build.0 = Debug|x64
		{B6255AB6-ADE9-4D00-9B18-DC4A803C02F6}.Debug|x86.ActiveCfg = Debug|Win32
		{B6255AB6-ADE9-4D00-9B18-DC4A803C02F6}.Debug|x86.Build.0 = Debug|Win32
		{B6255AB6-ADE9-4D00-9B18-DC4A803C02F6}.Release|x64.ActiveCfg = Release|x64
		{B6255AB6-ADE9-4D00-9B18-DC4A803C02F6}.Release|x64.Build.0 = Release|x64
		{B6255AB6-ADE9-4D00-9B18-DC4A803C02F6}.Release|x86.ActiveCfg = Release|Win32
		{B6255AB6-ADE9-4D00-9B18-DC4A803C02F6}.Release|x86.Build.0 = Release|Win32
		{05F33609-2214-4A18-B44B-B68879584D7E}.Debug|x64.ActiveCfg = Debug|x64
		{05F33609-2214-4A18-B44B-B68879584D7E}.Debug|x64.Build.0 = Debug|x64
		{05F33609-2214-4A18-B44B-B68879584D7E}.Debug|x86.ActiveCfg = Debug|Win32
		{05F33609-2214-4A18-B44B-B68879584D7E}.Debug|x86.Build.0 = Debug|Win32
		{05F33609-2214-4A18-B44B-B68879584D7E}.Release|x64.ActiveCfg = Release|x64
		{05F33609-2214-4A18-B44B-B68879584D7E}.Release|x64.Build.0 = Release|x64
		{05F33609-2214-4A18-B44B-B68879584D7E}.Release|x86.ActiveCfg = Release|Win32
		{05F33609-2214-4A18-B44B-B68879584D7E}.Release|x86.Build.0 = Release|Win32
		{BCA16A30-CEDE-46D3-926B-76473BE554C3}.Debug|x64.ActiveCfg = Debug|x64
		{BCA16A30-CEDE-46D3-926B-76473BE554C3}.Debug|x64.Build.0 = Debug|x64
		{BCA16A30-CEDE-46D3-926B-76473BE554C3}.Debug|x86.ActiveCfg = Debug|Win32
		{BCA16A30-CEDE-46D3-926B-76473BE554C3}.Debug|x86.Build.0 = Debug|Win32
		{BCA16A30-CEDE-46D3-926B-76473BE554C3}.Release|x64.ActiveCfg = Release|x64
		{BCA16A30-CEDE-46D3-926B-76473BE554C3}.Release|x64.Build.0 = Release|x64
		{BCA16A30-CEDE-46D3-926B-76473BE554C3}.Release|x86.ActiveCfg = Release|Win32
		{BCA16A30-CEDE-46D3-926B-76473BE554C3}.Release|x86.Build.0 = Release|Win32
		{10081A69-98F6-49BA-B19D-24471A4E081D}.Debug|x64.ActiveCfg = Debug|x64
		{10081A69-98F6-49BA-B19D-24471A4E081D}.Debug|x64.Build.0 = Debug|x64
		{10081A69-98F6-49BA-B19D-24471A4E081D}.Debug|x86.ActiveCfg = Debug|Win32
		{10081A69-98F6-49BA-B19D-24471A4E081D}.Debug|x86.Build.0 = Debug|Win32
		{10081A69-98F6-49BA-B19D-24471A4E081D}.Release|x64.ActiveCfg = Release|x64
		{10081A69-98F6-49BA-B19D-24471A4E081D}.Release|x64.Build.0 = Release|x64
		{10081A69-98F6-49BA-B19D-24471A4E081D}.Release|x86.ActiveCfg = Release|Win32
		{10081A69-98F6-49BA-B19D-24471A4E081D}.Release|x86.Build.0 = Release|Win32
		{406767D0-09DE-4987-A45E-E5701F312C7C}.Debug|x64.ActiveCfg = Debug|x64
		{406767D0-09DE-4987-A45E-E5701F312C7C}.Debug|x64.Build.0 = Debug|x64
		{406767D0-09DE-4987-A45E-E5701F312C7C}.Debug|x86.ActiveCfg = Debug|Win32
		{406767D0-09DE-4987-A45E-E5701F312C7C}.Debug|x86.Build.0 = Debug|Win32
		{406767D0-09DE-4987-A45E-E5701F312C7C}.Release|x64.ActiveCfg = Release|x64
		{406767D0-09DE-4987-A45E-E5701F312C7C}.Release|x64.Build.0 = Release|x64
		{406767D0-09DE-4987-A45E-E5701F312C7C}.Release|x86.ActiveCfg = Release|Win32
		{406767D0-09DE-4987-A45E-E5701F312C7C}.Release|x86.Build.0 = Release|Win32
		{6384F12E-AE85-4A0F-B724-B3F4ABAC378B}.Debug|x64.ActiveCfg = Debug|x64
		{6384F12E-AE85-4A0F-B724-B3F4ABAC378B}.Debug|x64.Build.0 = Debug|x64
		{6384F12E-AE85-4A0F-B724-B3F4ABAC378B}.Debug|x86.ActiveCfg = Debug|Win32
		{6384F12E-AE85-4A0F-B724-B3F4ABAC378B}.Debug|x86.Build.0 = Debug|Win32
		{6384F12E-AE85-4A0F-B724-B3F4ABAC378B}.Release|x64.ActiveCfg = Release|x64
		{6384F12E-AE85-4A0F-B724-B3F4ABAC378B}.Release|x64.Build.0 = Release|x64
		{6384F12E-AE85-4A0F-B724-B3F4ABAC378B}.Release|x86.ActiveCfg = Release|Win32
		{6384F12E-AE85-4A0F-B724-B3F4ABAC378B}.Release|x86.Build.0 = Release|Win32
		{A927095E-B900-496C-BE34-A8964D7C8703}.Debug|x64.ActiveCfg = Debug|x64
		{A927095E-B900-496C-BE34-A8964D7C8703}.Debug|x64.Build.0 = Debug|x64
		{A927095E-B900-496C-BE34-A8964D7C8703}.Debug|x86.ActiveCfg = Debug|Win32
		{A927095E-B900-496C-BE34-A8964D7C8703}.Debug|x86.Build.0 = Debug|Win32
		{A927095E-B900-496C-BE34-A8964D7C8703}.Release|x64.ActiveCfg = Release|x64
		{A927095E-B900-496C-BE34-A8964D7C8703}.Release|x64.Build.0 = Release|x64
		{A927095E-B900-496C-BE34-A8964D7C8703}.Release|x86.ActiveCfg = Release|Win32
		{A927095E-B900-496C-BE34-A8964D7C8703}.Release|x86.Build.0 = Release|Win32
		{C3267C89-894A-46FB-B50F-E8A7FED636AE}.Debug|x64.ActiveCfg = Debug|x64
		{C3267C89-894A-46FB-B50F-E8A7FED636AE}.Debug|x64.Build.0 = Debug|x64
		{C3267C89-894A-46FB-B50F-E8A7FED636AE}.Debug|x86.ActiveCfg = Debug|Win32
		{C3267C89-894A-46FB-B50F-E8A7FED636AE}.Debug|x86.Build.0 = Debug|Win32
		{C3267C89-894A-46FB-B50F-E8A7FED636AE}.Release|x64.ActiveCfg = Release|x64
		{C3267C89-894A-46FB-B50F-E8A7FED636AE}.Release|x64.Build.0 = Release|x64
		{C3267C89-894A-46FB-B50F-E8A7FED636AE}.Release|x86.ActiveCfg = Release|Win32
		{C3267C89-894A-46FB-B50F-E8A7FED636AE}.Release|x86.Build.0 = Release|Win32
		{4A8201C6-A85F-4F9F-A7C3-71656F1DA0F0}.Debug|x64.ActiveCfg = Debug|x64
		{4A8201C6-A85F-4F9F-A7C3-71656F1DA0F0}.Debug|x64.Build.0 = Debug|x64
		{4A8201C6-A85F-4F9F-A7C3-71656F1DA0F0}.Debug|x86.ActiveCfg = Debug|Win32
		{4A8201C6-A85F-4F9F-A7C3-71656F1DA0F0}.Debug|x86.Build.0 = Debug|Win32
		{4A8201C6-A85F-4F9F-A7C3-71656F1DA0F0}.Release|x64.ActiveCfg = Release|x64
		{4A8201C6-A85F-4F9F-A7C3-71656F1DA0F0}.Release|x64.Build.0 = Release|x64
		{4A8201C6-A85F-4F9F-A7C3-71656F1DA0F0}.Release|x86.ActiveCfg = Release|Win32
		{4A8201C6-A85F-4F9F-A7C3-71656F1DA0F0}.Release|x86.Build.0 = Release|Win32
		{773BAEBD-4370-4A49-8F92-27E5154C3CD6}.Debug|x64.ActiveCfg = Debug|x64
		{773BAEBD-4370-4A49-8F92-27E5154C3CD6}.Debug|x64.Build.0 = Debug|x64
		{773BAEBD-4370-4A49-8F92-27E5154C3CD6}.Debug|x86.ActiveCfg = Debug|Win32
		{773BAEBD-4370-4A49-8F92-27E5154C3CD6}.Debug|x86.Build.0 = Debug|Win32
		{773BAEBD-4370-4A49-8F92-27E5154C3CD6}.Release|x64.ActiveCfg = Release|x64
		{773BAEBD-4370-4A49-8F92-27E5154C3CD6}.Release|x64.Build.0 = Release|x64
		{773BAEBD-4370-4A49-8F92-27E5154C3CD6}.Release|x86.ActiveCfg = Release|Win32
		{773BAEBD-4370-4A49-8F92-27E5154C3CD6}.Release|x86.Build.0 = Release|Win32
		{7FE7A25E-F17F-4EBC-BA27-BB4F2E86301C}.Debug|x64.ActiveCfg = Debug|x64
		{7FE7A25E-F17F-4EBC-BA27-BB4F2E86301C}.Debug|x64.Build.0 = Debug|x64
		{7FE7A25E-F17F-4EBC-BA27-BB4F2E86301C}.Debug|x86.ActiveCfg = Debug|Win32
		{7FE7A25E-F17F-4EBC-BA27-BB4F2E86301C}.Debug|x86.Build.0 = Debug|Win32
		{7FE7A25E-F17F-4EBC-BA27-BB4F2E86301C}.Release|x64.ActiveCfg = Release|x64
		{7FE7A25E-F17F-4EBC-BA27-BB4F2E86301C}.Release|x64.Build.0 = Release|x64
		{7FE7A25E-F17F-4EBC-BA27-BB4F2E86301C}.Release|x86.ActiveCfg = Release|Win32
		{7FE7A25E-F17F-4EBC-BA27-BB4F2E86301C}.Release|x86.Build.0 = Release|Win32
		{787FBF36-5807-4306-93B7-FEA84815B7B7}.Debug|x64.ActiveCfg = Debug|x64
		{787FBF36-5807-4306-93B7-FEA84815B7B7}.Debug|x64.Build.0 = Debug|x64
		{787FBF36-5807-4306-93B7-FEA84815B7B7}.Debug|x86.ActiveCfg = Debug|Win32
		{787FBF36-5807-4306-93B7-FEA84815B7B7}.Debug|x86.Build.0 = Debug|Win32
		{787FBF36-5807-4306-93B7-FEA84815B7B7}.Release|x64.ActiveCfg = Release|x64
		{787FBF36-5807-4306-93B7-FEA84815B7B7}.Release|x64.Build.0 = Release|x64
		{787FBF36-5807-4306-93B7-FEA84815B7B7}.Release|x86.ActiveCfg = Release|Win32
		{787FBF36-5807-4306-93B7-FEA84815B7B7}.Release|x86.Build.0 = Release|Win32
		{EEF0F190-C87C-4941-B1F6-ED02AB79F4A0}.Debug|x64.ActiveCfg = Debug|x64
		{EEF0F190-C87C-4941-B1F6-ED02AB79F4A0}.Debug|x64.Build.0 = Debug|x64
		{EEF0F190-C87C-4941-B1F6-ED02AB79F4A0}.Debug|x86.ActiveCfg = Debug|Win32
		{EEF0F190-C87C-4941-B1F6-ED02AB79F4A0}.Debug|x86.Build.0 = Debug|Win32
		{EEF0F190-C87C-4941-B1F6-ED02AB79F4A0}.Release|x64.ActiveCfg = Release|x64
		{EEF0F190-C87C-4941-B1F6-ED02AB79F4A0}.Release|x64.Build.0 = Release|x64
		{EEF0F190-C87C-4941-B1F6-ED02AB79F4A0}.Release|x86.ActiveCfg = Release|Win32
		{EEF0F190-C87C-4941-B1F6-ED02AB79F4A0}.Release|x86.Build.0 = Release|Win32
		{1BDA48EA-AB7D-46DF-BAC6-8FBCF0DC2519}.Debug|x64.ActiveCfg = Debug|x64
		{1BDA48EA-AB7D-46DF-BAC6-8FBCF0DC2519}.Debug|x64.Build.0 = Debug|x64
		{1BDA48EA-AB7D-46DF-BAC6-8FBCF0DC2519}.Debug|x86.ActiveCfg = Debug|Win32
		{1BDA48EA-AB7D-46DF-BAC6-8FBCF0DC2519}.Debug|x86.Build.0 = Debug|Win32
		{1BDA48EA-AB7D-46DF-BAC6-8FBCF0DC2519}.Release|x64.ActiveCfg = Release|x64
		{1BDA48EA-AB7D-46DF-BAC6-8FBCF0DC2519}.Release|x64.Build.0 = Release|x64
		{1BDA48EA-AB7D-46DF-BAC6-8FBCF0DC2519}.Release|x86.ActiveCfg = Release|Win32
		{1BDA48EA-AB7D-46DF-BAC6-8FBCF0DC2519}.Release|x86.Build.0 = Release|Win32
		{29643543-0135-4122-B94C-F4792EBBF34D}.Debug|x64.ActiveCfg = Debug|x64
		{29643543-0135-4122-B94C-F4792EBBF34D}.Debug|x64.Build.0 = Debug|x64
		{29643543-0135-4122-B94C-F4792EBBF34D}.Debug|x86.ActiveCfg = Debug|Win32
		{29643543-0135-4122-B94C-F4792EBBF34D}.Debug|x86.Build.0 = Debug|Win32
		{29643543-0135-4122-B94C-F4792EBBF34D}.Release|x64.ActiveCfg = Release|x64
		{29643543-0135-4122-B94C-F4792EBBF34D}.Release|x64.Build.0 = Release|x64
		{29643543-0135-4122-B94C-F4792EBBF34D}.Release|x86.ActiveCfg = Release|Win32
		{29643543-0135-4122-B94C-F4792EBBF34D}.Release|x86.Build.0 = Release|Win32
		{3EF542E5-9679-48BB-8415-09E1CFA68212}.Debug|x64.ActiveCfg = Debug|x64
		{3EF542E5-9679-48BB-8415-09E1CFA68212}.Debug|x64.Build.0 = Debug|x64
		{3EF542E5-9679-48BB-8415-09E1CFA68212}.Debug|x86.ActiveCfg = Debug|Win32
		{3EF542E5-9679-48BB-8415-09E1CFA68212}.Debug|x86.Build.0 = Debug|Win32
		{3EF542E5-9679-48BB-8415-09E1CFA68212}.Release|x64.ActiveCfg = Release|x64
		{3EF542E5-9679-48BB-8415-09E1CFA68212}.Release|x64.Build.0 = Release|x64
		{3EF542E5-9679-48BB-8415-09E1CFA68212}.Release|x86.ActiveCfg = Release|Win32
		{3EF542E5-9679-48BB-8415-09E1CFA68212}.Release|x86.Build.0 = Release|Win32
		{C2889A3A-3D65-4AF8-B8A4-C5C9C4E3D369}.Debug|x64.ActiveCfg = Debug|x64
		{C2889A3A-3D65-4AF8-B8A4-C5C9C4E3D369}.Debug|x64.Build.0 = Debug|x64
		{C2889A3A-3D65-4AF8-B8A4-C5C9C4E3D369}.Debug|x86.ActiveCfg = Debug|Win32
		{C2889A3A-3D65-4AF8-B8A4-C5C9C4E3D369}.Debug|x86.Build.0 = Debug|Win32
		{C2889A3A-3D65-4AF8-B8A4-C5C9C4E3D369}.Release|x64.ActiveCfg = Release|x64
		{C2889A3A-3D65-4AF8-B8A4-C5C9C4E3D369}.Release|x64.Build.0 = Release|x64
		{C2889A3A-3D65-4AF8-B8A4-C5C9C4E3D369}.Release|x86.ActiveCfg = Release|Win32
		{C2889A3A-3D65-4AF8-B8A4-C5C9C4E3D369}.Release|x86.Build.0 = Release|Win32
		{92574EB5-C3B6-4AFA-B444-FE54A82CAB7C}.Debug|x64.ActiveCfg = Debug|x64
		{92574EB5-C3B6-4AFA-B444-FE54A82CAB7C}.Debug|x64.Build.0 = Debug|x64
		{92574EB5-C3B6-4AFA-B444-FE54A82CAB7C}.Debug|x86.ActiveCfg = Debug|Win32
		{92574EB5-C3B6-4AFA-B444-FE54A82CAB7C}.Debug|x86.Build.0 = Debug|Win32
		{92574EB5-C3B6-4AFA-B444-FE54A82CAB7C}.Release|x64.ActiveCfg = Release|x64
		{92574EB5-C3B6-4AFA-B444-FE54A82CAB7C}.Release|x64.Build.0 = Release|x64
		{92574EB5-C3B6-4AFA-B444-FE54A82CAB7C}.Release|x86.ActiveCfg = Release|Win32
		{92574EB5-C3B6-4AFA-B444-FE54A82CAB7C}.Release|x86.Build.0 = Release|Win32
		{C9AAE7D5-7D94-449B-9735-9F1252EDB119}.Debug|x64.ActiveCfg = Debug|x64
		{C9AAE7D5-7D94-449B-9735-9F1252EDB119}.Debug|x64.Build.0 = Debug|x64
		{C9AAE7D5-7D94-449B-9735-9F1252EDB119}.Debug|x86.ActiveCfg = Debug|Win32
		{C9AAE7D5-7D94-449B-9735-9F1252EDB119}.Debug|x86.Build.0 = Debug|Win32
		{C9AAE7D5-7D94-449B-9735-9F1252EDB119}.Release|x64.ActiveCfg = Release|x64
		{C9AAE7D5-7D94-449B-9735-9F1252EDB119}.Release|x64.Build.0 = Release|x64
		{C9AAE7D5-7D94-449B-9735-9F1252EDB119}.Release|x86.ActiveCfg = Release|Win32
		{C9AAE7D5-7D94-449B-9735-9F1252EDB119}.Release|x86.Build.0 = Release|Win32
		{2252DE1C-73F4-4BB4-B6D7-A4960CE8D073}.Debug|x64.ActiveCfg = Debug|x64
		{2252DE1C-73F4-4BB4-B6D7-A4960CE8D073}.Debug|x64.Build.0 = Debug|x64
		{2252DE1C-73F4-4BB4-B6D7-A4960CE8D073}.Debug|x86.ActiveCfg = Debug|Win32
		{2252DE1C-73F4-4BB4-B6D7-A4960CE8D073}.Debug|x86.Build.0 = Debug|Win32
		{2252DE1C-73F4-4BB4-B6D7-A4960CE8D073}.Release|x64.ActiveCfg = Release|x64
		{2252DE1C-73F4-4BB4-B6D7-A4960CE8D073}.Release|x64.Build.0 = Release|x64
		{2252DE1C-73F4-4BB4-B6D7-A4960CE8D073}.Release|x86.ActiveCfg = Release|Win32
		{2252DE1C-73F4-4BB4-B6D7-A4960CE8D073}.Release|x86.Build.0 = Release|Win32
		{E3A299F1-2A3A-49C3-BC45-639421383457}.Debug|x64.ActiveCfg = Debug|x64
		{E3A299F1-2A3A-49C3-BC45-639421383457}.Debug|x64.Build.0 = Debug|x64
		{E3A299F1-2A3A-49C3-BC45-639421383457}.Debug|x86.ActiveCfg = Debug|Win32
		{E3A299F1-2A3A-49C3-BC45-639421383457}.Debug|x86.Build.0 = Debug|Win32
		{E3A299F1-2A3A-49C3-BC45-639421383457}.Release|x64.ActiveCfg = Release|x64
		{E3A299F1-2A3A-49C3-BC45-639421383457}.Release|x64.Build.0 = Release|x64
		{E3A299F1-2A3A-49C3-BC45-639421383457}.Release|x86.ActiveCfg = Release|Win32
		{E3A299F1-2A3A-49C3-BC45-639421383457}.Release|x86.Build.0 = Release|Win32
		{C04F0CAF-F13A-4AF1-B41F-C69D42DC9A43}.Debug|x64.ActiveCfg = Debug|x64
		{C04F0CAF-F13A-4AF1-B41F-C69D42DC9A43}.Debug|x64.Build.0 = Debug|x64
		{C04F0CAF-F13A-4AF1-B41F-C69D42DC9A43}.Debug|x86.ActiveCfg = Debug|Win32
		{C04F0CAF-F13A-4AF1-B41F-C69D42DC9A43}.Debug|x86.Build.0 = Debug|Win32
		{C04F0CAF-F13A-4AF1-B41F-C69D42DC9A43}.Release|x64.ActiveCfg = Release|x64
		{C04F0CAF-F13A-4AF1-B41F-C69D42DC9A43}.Release|x64.Build.0 = Release|x64
		{C04F0CAF-F13A-4AF1-B41F-C69D42DC9A43}.Release|x86.ActiveCfg = Release|Win32
		{C04F0CAF-F13A-4AF1-B41F-C69D42DC9A43}.Release|x86.Build.0 = Release|Win32
		{0FB497C9-D771-43CF-95C5-010CF2B4638E}.Debug|x64.ActiveCfg = Debug|x64
		{0FB497C9-D771-43CF-95C5-010CF2B4638E}.Debug|x64.Build.0 = Debug|x64
		{0FB497C9-D771-43CF-95C5-010CF2B4638E}.Debug|x86.ActiveCfg = Debug|Win32
		{0FB497C9-D771-43CF-95C5-010CF2B4638E}.Debug|x86.Build.0 = Debug|Win32
		{0FB497C9-D771-43CF-95C5-010CF2B4638E}.Release|x64.ActiveCfg = Release|x64
		{0FB497C9-D771-43CF-95C5-010CF2B4638E}.Release|x64.Build.0 = Release|x64
		{0FB497C9-D771-43CF-95C5-010CF2B4638E}.Release|x86.ActiveCfg = Release|Win32
		{0FB497C9-D771-43CF-95C5-010CF2B4638E}.Release|x86.Build.0 = Release|Win32
		{1F38E40A-89A0-4082-9D4B-9D07B1DED1E7}.Debug|x64.ActiveCfg = Debug|x64
		{1F38E40A-89A0-4082-9D4B-9D07B1DED1E7}.Debug|x64.Build.0 = Debug|x64
		{1F38E40A-89A0-4082-9D4B-9D07B1DED1E7}.Debug|x86.ActiveCfg = Debug|Win32
		{1F38E40A-89A0-4082-9D4B-9D07B1DED1E7}.Debug|x86.Build.0 = Debug|Win32
		{1F38E40A-89A0-4082-9D4B-9D07B1DED1E7}.Release|x64.ActiveCfg = Release|x64
		{1F38E40A-89A0-4082-9D4B-9D07B1DED1E7}.Release|x64.Build.0 = Release|x64
		{1F38E40A-89A0-4082-9D4B-9D07B1DED1E7}.Release|x86.ActiveCfg = Release|Win32
		{1F38E40A-89A0-4082-9D4B-9D07B1DED1E7}.Release|x86.Build.0 = Release|Win32
		{749DB57E-30CE-40DB-AAA0-82DEC00DEF42}.Debug|x64.ActiveCfg = Debug|x64
		{749DB57E-30CE-40DB-AAA0-82DEC00DEF42}.Debug|x64.Build.0 = Debug|x64
		{749DB57E-30CE-40DB-AAA0-82DEC00DEF42}.Debug|x86.ActiveCfg = Debug|Win32
		{749DB57E-30CE-40DB-AAA0-82DEC00DEF42}.Debug|x86.Build.0 = Debug|Win32
		{749DB57E-30CE-40DB-AAA0-82DEC00DEF42}.Release|x64.ActiveCfg = Release|x64
		{749DB57E-30CE-40DB-AAA0-82DEC00DEF42}.Release|x64.Build.0 = Release|x64
		{749DB57E-30CE-40DB-AAA0-82DEC00DEF42}.Release|x86.ActiveCfg = Release|Win32
		{749DB57E-30CE-40DB-AAA0-82DEC00DEF42}.Release|x86.Build.0 = Release|Win32
		{184052AA-8118-4781-8AD5-7602A374022D}.Debug|x64.ActiveCfg = Debug|x64
		{184052AA-8118-4781-8AD5-7602A374022D}.Debug|x64.Build.0 = Debug|x64
		{184052AA-8118-4781-8AD5-7602A374022D}.Debug|x86.ActiveCfg = Debug|Win32
		{184052AA-8118-4781-8AD5-7602A374022D}.Debug|x86.Build.0 = Debug|Win32
		{184052AA-8118-4781-8AD5-7602A374022D}.Release|x64.ActiveCfg = Release|x64
		{184052AA-8118-4781-8AD5-7602A374022D}.Release|x64.Build.0 = Release|x64
		{184052AA-8118-4781-8AD5-7602A374022D}.Release|x86.ActiveCfg = Release|Win32
		{184052AA-8118-4781-8AD5-7602A374022D}.Release|x86.Build.0 = Release|Win32
		{C06A80A2-AA12-4764-96EA-64F678138760}.Debug|x64.ActiveCfg = Debug|x64
		{C06A80A2-AA12-4764-96EA-64F678138760}.Debug|x64.Build.0 = Debug|x64
		{C06A80A2-AA12-4764-96EA-64F678138760}.Debug|x86.ActiveCfg = Debug|Win32
		{C06A80A2-AA12-4764-96EA-64F678138760}.Debug|x86.Build.0 = Debug|Win32
		{C06A80A2-AA12-4764-96EA-64F678138760}.Release|x64.ActiveCfg = Release|x64
		{C06A80A2-AA12-4764-96EA-64F678138760}.Release|x64.Build.0 = Release|x64
		{C06A80A2-AA12-4764-96EA-64F678138760}.Release|x86.ActiveCfg = Release|Win32
		{C06A80A2-AA12-4764-96EA-64F678138760}.Release|x86.Build.0 = Release|Win32
		{4F483812-5926-4117-9C43-11B038D74876}.Debug|x64.ActiveCfg = Debug|x64
		{4F483812-5926-4117-9C43-11B038D74876}.Debug|x64.Build.0 = Debug|x64
		{4F483812-5926-4117-9C43-11B038D74876}.Debug|x86.ActiveCfg = Debug|Win32
		{4F483812-5926-4117-9C43-11B038D74876}.Debug|x86.Build.0 = Debug|Win32
		{4F483812-5926-4117-9C43-11B038D74876}.Release|x64.ActiveCfg = Release|x64
		{4F483812-5926-4117-9C43-11B038D74876}.Release|x64.Build.0 = Release|x64
		{4F483812-5926-4117-9C43-11B038D74876}.Release|x86.ActiveCfg = Release|Win32
		{4F483812-5926-4117-9C43-11B038D74876}.Release|x86.Build.0 = Release|Win32
		{F1B5529C-4431-44F4-9C42-C537B70AC3D9}.Debug|x64.ActiveCfg = Debug|x64
		{F1B5529C-4431-44F4-9C42-C537B70AC3D9}.Debug|x64.Build.0 = Debug|x64
		{F1B5529C-4431-44F4-9C42-C537B70AC3D9}.Debug|x86.ActiveCfg = Debug|Win32
		{F1B5529C-4431-44F4-9C42-C537B70AC3D9}.Debug|x86.Build.0 = Debug|Win32
		{F1B5529C-4431-44F4-9C42-C537B70AC3D9}.Release|x64.ActiveCfg = Release|x64
		{F1B5529C-4431-44F4-9C42-C537B70AC3D9}.Release|x64.Build.0 = Release|x64
		{F1B5529C-4431-44F4-9C42-C537B70AC3D9}.Release|x86.ActiveCfg = Release|Win32
		{F1B5529C-4431-44F4-9C42-C537B70AC3D9}.Release|x86.Build.0 = Release|Win32
		{AC454523-6004-4B31-9D9E-CA1BA34A3D0C}.Debug|x64.ActiveCfg = Debug|x64
		{AC454523-6004-4B31-9D9E-CA1BA34A3D0C}.Debug|x64.Build.0 = Debug|x64
		{AC454523-6004-4B31-9D9E-CA1BA34A3D0C}.Debug|x86.ActiveCfg = Debug|Win32
		{AC454523-6004-4B31-9D9E-CA1BA34A3D0C}.Debug|x86.Build.0 = Debug|Win32
		{AC454523-6004-4B31-9D9E-CA1BA34A3D0C}.Release|x64.ActiveCfg = Release|x64
		{AC454523-6004-4B31-9D9E-CA1BA34A3D0C}.Release|x64.Build.0 = Release|x64
		{AC454523-6004-4B31-9D9E-CA1BA34A3D0C}.Release|x86.ActiveCfg = Release|Win32
		{AC454523-6004-4B31-9D9E-CA1BA34A3D0C}.Release|x86.Build.0 = Release|Win32
		{C8A1C02E-A76A-44FD-9F73-B936FD5578A7}.Debug|x64.ActiveCfg = Debug|x64
		{C8A1C02E-A76A-44FD-9F73-B936FD5578A7}.Debug|x64.Build.0 = Debug|x64
		{C8A1C02E-A76A-44FD-9F73-B936FD5578A7}.Debug|x86.ActiveCfg = Debug|Win32
		{C8A1C02E-A76A-44FD-9F73-B936FD5578A7}.Debug|x86.Build.0 = Debug|Win32
		{C8A1C02E-A76A-44FD-9F73-B936FD5578A7}.Release|x64.ActiveCfg = Release|x64
		{C8A1C02E-A76A-44FD-9F73-B936FD5578A7}.Release|x64.Build.0 = Release|x64
		{C8A1C02E-A76A-44FD-9F73-B936FD5578A7}.Release|x86.ActiveCfg = Release|Win32
		{C8A1C02E-A76A-44FD-9F73-B936FD5578A7}.Release|x86.Build.0 = Release|Win32
		{3C656D88-3436-4712-896D-7186443C4D25}.Debug|x64.ActiveCfg = Debug|x64
		{3C656D88-3436-4712-896D-7186443C4D25}.Debug|x64.Build.0 = Debug|x64
		{3C656D88-3436-4712-896D-7186443C4D25}.Debug|x86.ActiveCfg = Debug|Win32
		{3C656D88-3436-4712-896D-7186443C4D25}.Debug|x86.Build.0 = Debug|Win32
		{3C656D88-3436-4712-896D-7186443C4D25}.Release|x64.ActiveCfg = Release|x64
		{3C656D88-3436-4712-896D-7186443C4D25}.Release|x64.Build.0 = Release|x64
		{3C656D88-3436-4712-896D-7186443C4D25}.Release|x86.ActiveCfg = Release|Win32
		{3C656D88-3436-4712-896D-7186443C4D25}.Release|x86.Build.0 = Release|Win32
		{5556C9E8-D3B9-477C-A547-C0B3B1E5AE8C}.Debug|x64.ActiveCfg = Debug|x64
		{5556C9E8-D3B9-477C-A547-C0B3B1E5AE8C}.Debug|x64.Build.0 = Debug|x64
		{5556C9E8-D3B9-477C-A547-C0B3B1E5AE8C}.Debug|x86.ActiveCfg = Debug|Win32
		{5556C9E8-D3B9-477C-A547-C0B3B1E5AE8C}.Debug|x86.Build.0 = Debug|Win32
		{5556C9E8-D3B9-477C-A547-C0B3B1E5AE8C}.Release|x64.ActiveCfg = Release|x64
		{5556C9E8-D3B9-477C-A547-C0B3B1E5AE8C}.Release|x64.Build.0 = Release|x64
		{5556C9E8-D3B9-477C-A547-C0B3B1E5AE8C}.Release|x86.ActiveCfg = Release|Win32
		{5556C9E8-D3B9-477C-A547-C0B3B1E5AE8C}.Release|x86.Build.0 = Release|Win32
		{A0A1077D-3169-4C52-8DAA-ADB4D363730C}.Debug|x64.ActiveCfg = Debug|x64
		{A0A1077D-3169-4C52-8DAA-ADB4D363730C}.Debug|x64.Build.0 = Debug|x64
		{A0A1077D-3169-4C52-8DAA-ADB4D363730C}.Debug|x86.ActiveCfg = Debug|Win32
		{A0A1077D-3169-4C52-8DAA-ADB4D363730C}.Debug|x86.Build.0 = Debug|Win32
		{A0A1077D-3169-4C52-8DAA-ADB4D363730C}.Release|x64.ActiveCfg = Release|x64
		{A0A1077D-3169-4C52-8DAA-ADB4D363730C}.Release|x64.Build.0 = Release|x64
		{A0A1077D-3169-4C52-8DAA-ADB4D363730C}.Release|x86.ActiveCfg = Release|Win32
		{A0A1077D-3169-4C52-8DAA-ADB4D363730C}.Release|x86.Build.0 = Release|Win32
		{A215ACB7-4227-4CDE-903D-998851889718}.Debug|x64.ActiveCfg = Debug|x64
		{A215ACB7-4227-4CDE-903D-998851889718}.Debug|x64.Build.0 = Debug|x64
		{A215ACB7-4227-4CDE-903D-998851889718}.Debug|x86.ActiveCfg = Debug|Win32
		{A215ACB7-4227-4CDE-903D-998851889718}.Debug|x86.Build.0 = Debug|Win32
		{A215ACB7-4227-4CDE-903D-998851889718}.Release|x64.ActiveCfg = Release|x64
		{A215ACB7-4227-4CDE-903D-998851889718}.Release|x64.Build.0 = Release|x64
		{A215ACB7-4227-4CDE-903D-998851889718}.Release|x86.ActiveCfg = Release|Win32
		{A215ACB7-4227-4CDE-903D-998851889718}.Release|x86.Build.0 = Release|Win32
		{042339A1-202F-4E17-94DB-4DE2404E28DB}.Debug|x64.ActiveCfg = Debug|x64
		{042339A1-202F-4E17-94DB-4DE2404E28DB}.Debug|x64.Build.0 = Debug|x64
		{042339A1-202F-4E17-94DB-4DE2404E28DB}.Debug|x86.ActiveCfg = Debug|Win32
		{042339A1-202F-4E17-94DB-4DE2404E28DB}.Debug|x86.Build.0 = Debug|Win32
		{042339A1-202F-4E17-94DB-4DE2404E28DB}.Release|x64.ActiveCfg = Release|x64
		{042339A1-202F-4E17-94DB-4DE2404E28DB}.Release|x64.Build.0 = Release|x64
		{042339A1-202F-4E17-94DB-4DE2404E28DB}.Release|x86.ActiveCfg = Release|Win32
		{042339A1-202F-4E17-94DB-4DE2404E28DB}.Release|x86.Build.0 = Release|Win32
		{A2B0A8A8-3EA1-4D2F-B647-073E55A8AF54}.Debug|x64.ActiveCfg = Debug|x64
		{A2B0A8A8-3EA1-4D2F-B647-073E55A8AF54}.Debug|x64.Build.0 = Debug|x64
		{A2B0A8A8-3EA1-4D2F-B647-073E55A8AF54}.Debug|x86.ActiveCfg = Debug|Win32
		{A2B0A8A8-3EA1-4D2F-B647-073E55A8AF54}.Debug|x86.Build.0 = Debug|Win32
		{A2B0A8A8-3EA1-4D2F-B647-073E55A8AF54}.Release|x64.ActiveCfg = Release|x64
		{A2B0A8A8-3EA1-4D2F-B647-073E55A8AF54}.Release|x64.Build.0 = Release|x64
		{A2B0A8A8-3EA1-4D2F-B647-073E55A8AF54}.Release|x86.ActiveCfg = Release|Win32
		{A2B0A8A8-3EA1-4D2F-B647-073E55A8AF54}.Release|x86.Build.0 = Release|Win32
		{E9887999-A5A8-431F-9055-C450B01CFD21}.Debug|x64.ActiveCfg = Debug|x64
		{E9887999-A5A8-431F-9055-C450B01CFD21}.Debug|x64.Build.0 = Debug|x64
		{E9887999-A5A8-431F-9055-C450B01CFD21}.Debug|x86.ActiveCfg = Debug|Win32
		{E9887999-A5A8-431F-9055-C450B01CFD21}.Debug|x86.Build.0 = Debug|Win32
		{E9887999-A5A8-431F-9055-C450B01CFD21}.Release|x64.ActiveCfg = Release|x64
		{E9887999-A5A8-431F-9055-C450B01CFD21}.Release|x64.Build.0 = Release|x64
		{E9887999-A5A8-431F-9055-C450B01CFD21}.Release|x86.ActiveCfg = Release|Win32
		{E9887999-A5A8-431F-9055-C450B01CFD21}.Release|x86.Build.0 = Release|Win32
		{60BB513B-821A-41C5-BFA9-06BF207386F9}.Debug|x64.ActiveCfg = Debug|x64
		{60BB513B-821A-41C5-BFA9-06BF207386F9}.Debug|x64.Build.0 = Debug|x64
		{60BB513B-821A-41C5-BFA9-06BF207386F9}.Debug|x86.ActiveCfg = Debug|Win32
		{60BB513B-821A-41C5-BFA9-06BF207386F9}.Debug|x86.Build.0 = Debug|Win32
		{60BB513B-821A-41C5-BFA9-06BF207386F9}.Release|x64.ActiveCfg = Release|x64
		{60BB513B-821A-41C5-BFA9-06BF207386F9}.Release|x64.Build.0 = Release|x64
		{60BB513B-821A-41C5-BFA9-06BF207386F9}.Release|x86.ActiveCfg = Release|Win32
		{60BB513B-821A-41C5-BFA9-06BF207386F9}.Release|x86.Build.0 = Release|Win32
	EndGlobalSection
	GlobalSection(SolutionProperties) = preSolution
		HideSolutionNode = FALSE
	EndGlobalSection
	GlobalSection(NestedProjects) = preSolution
		{62F0E2D1-BF3C-4FFB-9F46-6CE958014FA9} = {B2F40CBD-D702-4AF1-8C30-F6BD4853FA5C}
		{885E99E9-1F38-47E4-9998-2DC1487C163D} = {D5CF3FA2-46AE-4065-B699-A991D4A6C039}
		{3C59BFE3-4356-4266-BE37-8057BE4963CB} = {B2F40CBD-D702-4AF1-8C30-F6BD4853FA5C}
		{AD7A4769-3C09-4006-8DB0-B8A6578721D1} = {D91305AA-CD64-47F1-A91C-F5841D548E70}
		{65C38CBD-2F0C-482A-97DC-59B28EE151AC} = {D91305AA-CD64-47F1-A91C-F5841D548E70}
		{C0591CBE-96DC-418B-847F-13B7A11DE02B} = {D91305AA-CD64-47F1-A91C-F5841D548E70}
		{2F9FB585-19C8-4249-A270-EB2A3BACFBB7} = {12B884C8-15AC-4C8B-8ABF-0614DE8982EB}
		{341C0289-98E8-4C68-AB5B-90712DBE9BAB} = {349D4C67-6B3A-41F1-B154-3995989E61DE}
		{349D4C67-6B3A-41F1-B154-3995989E61DE} = {B2F40CBD-D702-4AF1-8C30-F6BD4853FA5C}
		{D91305AA-CD64-47F1-A91C-F5841D548E70} = {B2F40CBD-D702-4AF1-8C30-F6BD4853FA5C}
		{97D759B8-897A-403D-9399-310E1804B95D} = {349D4C67-6B3A-41F1-B154-3995989E61DE}
		{3C0C4257-1D45-4E48-A2C3-CE2A385FBD26} = {349D4C67-6B3A-41F1-B154-3995989E61DE}
		{3B91C12B-8A14-4F95-8B9F-DBC21847C6BB} = {D91305AA-CD64-47F1-A91C-F5841D548E70}
		{D492223F-47C8-4470-99B1-AAF4D217342A} = {B2F40CBD-D702-4AF1-8C30-F6BD4853FA5C}
		{B6255AB6-ADE9-4D00-9B18-DC4A803C02F6} = {D492223F-47C8-4470-99B1-AAF4D217342A}
		{BA5556F3-E8FE-4A79-A29F-A3FC4C37D077} = {B2F40CBD-D702-4AF1-8C30-F6BD4853FA5C}
		{05F33609-2214-4A18-B44B-B68879584D7E} = {BA5556F3-E8FE-4A79-A29F-A3FC4C37D077}
		{BCA16A30-CEDE-46D3-926B-76473BE554C3} = {BA5556F3-E8FE-4A79-A29F-A3FC4C37D077}
		{10081A69-98F6-49BA-B19D-24471A4E081D} = {BA5556F3-E8FE-4A79-A29F-A3FC4C37D077}
		{406767D0-09DE-4987-A45E-E5701F312C7C} = {BA5556F3-E8FE-4A79-A29F-A3FC4C37D077}
		{6384F12E-AE85-4A0F-B724-B3F4ABAC378B} = {BA5556F3-E8FE-4A79-A29F-A3FC4C37D077}
		{A927095E-B900-496C-BE34-A8964D7C8703} = {D91305AA-CD64-47F1-A91C-F5841D548E70}
		{C0675EA5-2D5F-4B65-9913-DCD8B43EBD26} = {B2F40CBD-D702-4AF1-8C30-F6BD4853FA5C}
		{C3267C89-894A-46FB-B50F-E8A7FED636AE} = {C0675EA5-2D5F-4B65-9913-DCD8B43EBD26}
		{4A8201C6-A85F-4F9F-A7C3-71656F1DA0F0} = {C0675EA5-2D5F-4B65-9913-DCD8B43EBD26}
		{773BAEBD-4370-4A49-8F92-27E5154C3CD6} = {4DEF035F-3F63-479C-A3BB-8B3F51AF1B16}
		{4DEF035F-3F63-479C-A3BB-8B3F51AF1B16} = {B2F40CBD-D702-4AF1-8C30-F6BD4853FA5C}
		{D5CF3FA2-46AE-4065-B699-A991D4A6C039} = {F9D6FF07-DACF-4140-9C67-BE01A271EDB6}
		{B2F40CBD-D702-4AF1-8C30-F6BD4853FA5C} = {F9D6FF07-DACF-4140-9C67-BE01A271EDB6}
		{7FE7A25E-F17F-4EBC-BA27-BB4F2E86301C} = {B2F40CBD-D702-4AF1-8C30-F6BD4853FA5C}
		{787FBF36-5807-4306-93B7-FEA84815B7B7} = {F9D6FF07-DACF-4140-9C67-BE01A271EDB6}
		{58946A98-187F-4AD1-8FB1-C7905B62B8F8} = {B2F40CBD-D702-4AF1-8C30-F6BD4853FA5C}
		{EEF0F190-C87C-4941-B1F6-ED02AB79F4A0} = {58946A98-187F-4AD1-8FB1-C7905B62B8F8}
		{1BDA48EA-AB7D-46DF-BAC6-8FBCF0DC2519} = {D492223F-47C8-4470-99B1-AAF4D217342A}
		{29643543-0135-4122-B94C-F4792EBBF34D} = {D492223F-47C8-4470-99B1-AAF4D217342A}
		{3EF542E5-9679-48BB-8415-09E1CFA68212} = {D492223F-47C8-4470-99B1-AAF4D217342A}
		{C365187C-4FD6-493A-9ADA-B2253907AE0A} = {B2F40CBD-D702-4AF1-8C30-F6BD4853FA5C}
		{C2889A3A-3D65-4AF8-B8A4-C5C9C4E3D369} = {C365187C-4FD6-493A-9ADA-B2253907AE0A}
		{92574EB5-C3B6-4AFA-B444-FE54A82CAB7C} = {C365187C-4FD6-493A-9ADA-B2253907AE0A}
		{C9AAE7D5-7D94-449B-9735-9F1252EDB119} = {C365187C-4FD6-493A-9ADA-B2253907AE0A}
		{2252DE1C-73F4-4BB4-B6D7-A4960CE8D073} = {C983EC49-4AEC-4001-9402-42FEBD56607F}
		{E3A299F1-2A3A-49C3-BC45-639421383457} = {9B098272-7844-4B58-9CD4-0F19080D5B56}
		{C04F0CAF-F13A-4AF1-B41F-C69D42DC9A43} = {9B098272-7844-4B58-9CD4-0F19080D5B56}
		{0FB497C9-D771-43CF-95C5-010CF2B4638E} = {9B098272-7844-4B58-9CD4-0F19080D5B56}
		{1F38E40A-89A0-4082-9D4B-9D07B1DED1E7} = {9B098272-7844-4B58-9CD4-0F19080D5B56}
		{749DB57E-30CE-40DB-AAA0-82DEC00DEF42} = {12B884C8-15AC-4C8B-8ABF-0614DE8982EB}
		{184052AA-8118-4781-8AD5-7602A374022D} = {9B098272-7844-4B58-9CD4-0F19080D5B56}
		{C06A80A2-AA12-4764-96EA-64F678138760} = {9B098272-7844-4B58-9CD4-0F19080D5B56}
		{4F483812-5926-4117-9C43-11B038D74876} = {9B098272-7844-4B58-9CD4-0F19080D5B56}
		{F1B5529C-4431-44F4-9C42-C537B70AC3D9} = {9B098272-7844-4B58-9CD4-0F19080D5B56}
		{AC454523-6004-4B31-9D9E-CA1BA34A3D0C} = {12B884C8-15AC-4C8B-8ABF-0614DE8982EB}
		{C8A1C02E-A76A-44FD-9F73-B936FD5578A7} = {FBE1BEEE-1A0F-4B91-BFA9-4798DB703B67}
		{3C656D88-3436-4712-896D-7186443C4D25} = {FBE1BEEE-1A0F-4B91-BFA9-4798DB703B67}
		{5556C9E8-D3B9-477C-A547-C0B3B1E5AE8C} = {FBE1BEEE-1A0F-4B91-BFA9-4798DB703B67}
		{A0A1077D-3169-4C52-8DAA-ADB4D363730C} = {FBE1BEEE-1A0F-4B91-BFA9-4798DB703B67}
		{A215ACB7-4227-4CDE-903D-998851889718} = {FBE1BEEE-1A0F-4B91-BFA9-4798DB703B67}
		{042339A1-202F-4E17-94DB-4DE2404E28DB} = {FBE1BEEE-1A0F-4B91-BFA9-4798DB703B67}
		{A2B0A8A8-3EA1-4D2F-B647-073E55A8AF54} = {FBE1BEEE-1A0F-4B91-BFA9-4798DB703B67}
		{E9887999-A5A8-431F-9055-C450B01CFD21} = {FBE1BEEE-1A0F-4B91-BFA9-4798DB703B67}
		{60BB513B-821A-41C5-BFA9-06BF207386F9} = {FBE1BEEE-1A0F-4B91-BFA9-4798DB703B67}
	EndGlobalSection
	GlobalSection(ExtensibilityGlobals) = postSolution
		SolutionGuid = {32D69349-A0BD-4F00-A1D7-8024F77C1DEA}
	EndGlobalSection
EndGlobal
